// !$*UTF8*$!
{
	archiveVersion = 1;
	classes = {
	};
	objectVersion = 50;
	objects = {

/* Begin PBXBuildFile section */
		560F79AD2403C83900FC008E /* AppDelegate.swift in Sources */ = {isa = PBXBuildFile; fileRef = 560F79AC2403C83900FC008E /* AppDelegate.swift */; };
		560F79AF2403C83900FC008E /* SceneDelegate.swift in Sources */ = {isa = PBXBuildFile; fileRef = 560F79AE2403C83900FC008E /* SceneDelegate.swift */; };
		560F79B12403C83900FC008E /* LoginViewController.swift in Sources */ = {isa = PBXBuildFile; fileRef = 560F79B02403C83900FC008E /* LoginViewController.swift */; };
		560F79B42403C83900FC008E /* Main.storyboard in Resources */ = {isa = PBXBuildFile; fileRef = 560F79B22403C83900FC008E /* Main.storyboard */; };
		560F79B62403C83B00FC008E /* Assets.xcassets in Resources */ = {isa = PBXBuildFile; fileRef = 560F79B52403C83B00FC008E /* Assets.xcassets */; };
		560F79B92403C83B00FC008E /* LaunchScreen.storyboard in Resources */ = {isa = PBXBuildFile; fileRef = 560F79B72403C83B00FC008E /* LaunchScreen.storyboard */; };
		5648369A2406566000CA86D1 /* APIKey.swift in Sources */ = {isa = PBXBuildFile; fileRef = 564836992406566000CA86D1 /* APIKey.swift */; };
		5661A5E324055D12008741CF /* SpotifyService.swift in Sources */ = {isa = PBXBuildFile; fileRef = 5661A5E224055D12008741CF /* SpotifyService.swift */; };
		5661A5E524056F9E008741CF /* LoginWebView.swift in Sources */ = {isa = PBXBuildFile; fileRef = 5661A5E424056F9E008741CF /* LoginWebView.swift */; };
		56A581D12406048F000D1FA6 /* BaseModel.swift in Sources */ = {isa = PBXBuildFile; fileRef = 56A581D02406048F000D1FA6 /* BaseModel.swift */; };
		56A581D3240604C8000D1FA6 /* Constants.swift in Sources */ = {isa = PBXBuildFile; fileRef = 56A581D2240604C8000D1FA6 /* Constants.swift */; };
		56A581D5240604DA000D1FA6 /* URLs.swift in Sources */ = {isa = PBXBuildFile; fileRef = 56A581D4240604DA000D1FA6 /* URLs.swift */; };
		56A581D824060B57000D1FA6 /* Album.swift in Sources */ = {isa = PBXBuildFile; fileRef = 56A581D724060B57000D1FA6 /* Album.swift */; };
		56A581DA24060C60000D1FA6 /* Artist.swift in Sources */ = {isa = PBXBuildFile; fileRef = 56A581D924060C60000D1FA6 /* Artist.swift */; };
		56A581DC24060D20000D1FA6 /* ExternalId.swift in Sources */ = {isa = PBXBuildFile; fileRef = 56A581DB24060D20000D1FA6 /* ExternalId.swift */; };
		56A581DE24060DCC000D1FA6 /* ExternalUrl.swift in Sources */ = {isa = PBXBuildFile; fileRef = 56A581DD24060DCC000D1FA6 /* ExternalUrl.swift */; };
		56A581E024060DF0000D1FA6 /* Image.swift in Sources */ = {isa = PBXBuildFile; fileRef = 56A581DF24060DF0000D1FA6 /* Image.swift */; };
		56A581E224060E63000D1FA6 /* Track.swift in Sources */ = {isa = PBXBuildFile; fileRef = 56A581E124060E63000D1FA6 /* Track.swift */; };
		56A581E624061598000D1FA6 /* Playlist.swift in Sources */ = {isa = PBXBuildFile; fileRef = 56A581E524061598000D1FA6 /* Playlist.swift */; };
		56A581EC24063A55000D1FA6 /* Follower.swift in Sources */ = {isa = PBXBuildFile; fileRef = 56A581EB24063A55000D1FA6 /* Follower.swift */; };
		56A581EE24063DDD000D1FA6 /* User.swift in Sources */ = {isa = PBXBuildFile; fileRef = 56A581ED24063DDD000D1FA6 /* User.swift */; };
/* End PBXBuildFile section */

/* Begin PBXFileReference section */
		560F79A92403C83900FC008E /* Soundify.app */ = {isa = PBXFileReference; explicitFileType = wrapper.application; includeInIndex = 0; path = Soundify.app; sourceTree = BUILT_PRODUCTS_DIR; };
		560F79AC2403C83900FC008E /* AppDelegate.swift */ = {isa = PBXFileReference; lastKnownFileType = sourcecode.swift; path = AppDelegate.swift; sourceTree = "<group>"; };
		560F79AE2403C83900FC008E /* SceneDelegate.swift */ = {isa = PBXFileReference; lastKnownFileType = sourcecode.swift; path = SceneDelegate.swift; sourceTree = "<group>"; };
		560F79B02403C83900FC008E /* LoginViewController.swift */ = {isa = PBXFileReference; lastKnownFileType = sourcecode.swift; path = LoginViewController.swift; sourceTree = "<group>"; };
		560F79B32403C83900FC008E /* Base */ = {isa = PBXFileReference; lastKnownFileType = file.storyboard; name = Base; path = Base.lproj/Main.storyboard; sourceTree = "<group>"; };
		560F79B52403C83B00FC008E /* Assets.xcassets */ = {isa = PBXFileReference; lastKnownFileType = folder.assetcatalog; path = Assets.xcassets; sourceTree = "<group>"; };
		560F79B82403C83B00FC008E /* Base */ = {isa = PBXFileReference; lastKnownFileType = file.storyboard; name = Base; path = Base.lproj/LaunchScreen.storyboard; sourceTree = "<group>"; };
		560F79BA2403C83B00FC008E /* Info.plist */ = {isa = PBXFileReference; lastKnownFileType = text.plist.xml; path = Info.plist; sourceTree = "<group>"; };
		564836992406566000CA86D1 /* APIKey.swift */ = {isa = PBXFileReference; lastKnownFileType = sourcecode.swift; path = APIKey.swift; sourceTree = "<group>"; };
		5661A5E224055D12008741CF /* SpotifyService.swift */ = {isa = PBXFileReference; lastKnownFileType = sourcecode.swift; path = SpotifyService.swift; sourceTree = "<group>"; };
		5661A5E424056F9E008741CF /* LoginWebView.swift */ = {isa = PBXFileReference; lastKnownFileType = sourcecode.swift; path = LoginWebView.swift; sourceTree = "<group>"; };
		56A581D02406048F000D1FA6 /* BaseModel.swift */ = {isa = PBXFileReference; lastKnownFileType = sourcecode.swift; path = BaseModel.swift; sourceTree = "<group>"; };
		56A581D2240604C8000D1FA6 /* Constants.swift */ = {isa = PBXFileReference; lastKnownFileType = sourcecode.swift; path = Constants.swift; sourceTree = "<group>"; };
		56A581D4240604DA000D1FA6 /* URLs.swift */ = {isa = PBXFileReference; lastKnownFileType = sourcecode.swift; path = URLs.swift; sourceTree = "<group>"; };
		56A581D724060B57000D1FA6 /* Album.swift */ = {isa = PBXFileReference; lastKnownFileType = sourcecode.swift; path = Album.swift; sourceTree = "<group>"; };
		56A581D924060C60000D1FA6 /* Artist.swift */ = {isa = PBXFileReference; lastKnownFileType = sourcecode.swift; path = Artist.swift; sourceTree = "<group>"; };
		56A581DB24060D20000D1FA6 /* ExternalId.swift */ = {isa = PBXFileReference; lastKnownFileType = sourcecode.swift; path = ExternalId.swift; sourceTree = "<group>"; };
		56A581DD24060DCC000D1FA6 /* ExternalUrl.swift */ = {isa = PBXFileReference; lastKnownFileType = sourcecode.swift; path = ExternalUrl.swift; sourceTree = "<group>"; };
		56A581DF24060DF0000D1FA6 /* Image.swift */ = {isa = PBXFileReference; lastKnownFileType = sourcecode.swift; path = Image.swift; sourceTree = "<group>"; };
		56A581E124060E63000D1FA6 /* Track.swift */ = {isa = PBXFileReference; lastKnownFileType = sourcecode.swift; path = Track.swift; sourceTree = "<group>"; };
		56A581E524061598000D1FA6 /* Playlist.swift */ = {isa = PBXFileReference; lastKnownFileType = sourcecode.swift; path = Playlist.swift; sourceTree = "<group>"; };
		56A581EB24063A55000D1FA6 /* Follower.swift */ = {isa = PBXFileReference; lastKnownFileType = sourcecode.swift; path = Follower.swift; sourceTree = "<group>"; };
		56A581ED24063DDD000D1FA6 /* User.swift */ = {isa = PBXFileReference; lastKnownFileType = sourcecode.swift; path = User.swift; sourceTree = "<group>"; };
/* End PBXFileReference section */

/* Begin PBXFrameworksBuildPhase section */
		560F79A62403C83900FC008E /* Frameworks */ = {
			isa = PBXFrameworksBuildPhase;
			buildActionMask = 2147483647;
			files = (
			);
			runOnlyForDeploymentPostprocessing = 0;
		};
/* End PBXFrameworksBuildPhase section */

/* Begin PBXGroup section */
		560F79A02403C83900FC008E = {
			isa = PBXGroup;
			children = (
				560F79AB2403C83900FC008E /* Soundify */,
				560F79AA2403C83900FC008E /* Products */,
			);
			sourceTree = "<group>";
		};
		560F79AA2403C83900FC008E /* Products */ = {
			isa = PBXGroup;
			children = (
				560F79A92403C83900FC008E /* Soundify.app */,
			);
			name = Products;
			sourceTree = "<group>";
		};
		560F79AB2403C83900FC008E /* Soundify */ = {
			isa = PBXGroup;
			children = (
				56A581C724060218000D1FA6 /* Application */,
				56A581C9240602B3000D1FA6 /* Data */,
				56A581CF240603E3000D1FA6 /* Extensions */,
				560F79BA2403C83B00FC008E /* Info.plist */,
				56A581D6240608A8000D1FA6 /* Repositories */,
				56A581C824060270000D1FA6 /* Resources */,
				56A581C5240601D6000D1FA6 /* Scenes */,
				56A581CA240602DE000D1FA6 /* Utils */,
				56A581C624060207000D1FA6 /* Widgets */,
			);
			path = Soundify;
			sourceTree = "<group>";
		};
		56A581C5240601D6000D1FA6 /* Scenes */ = {
			isa = PBXGroup;
			children = (
				560F79B22403C83900FC008E /* Main.storyboard */,
				560F79B72403C83B00FC008E /* LaunchScreen.storyboard */,
				56A581CB24060305000D1FA6 /* Login */,
			);
			path = Scenes;
			sourceTree = "<group>";
		};
		56A581C624060207000D1FA6 /* Widgets */ = {
			isa = PBXGroup;
			children = (
				5661A5E424056F9E008741CF /* LoginWebView.swift */,
			);
			path = Widgets;
			sourceTree = "<group>";
		};
		56A581C724060218000D1FA6 /* Application */ = {
			isa = PBXGroup;
			children = (
				560F79AC2403C83900FC008E /* AppDelegate.swift */,
				560F79AE2403C83900FC008E /* SceneDelegate.swift */,
			);
			path = Application;
			sourceTree = "<group>";
		};
		56A581C824060270000D1FA6 /* Resources */ = {
			isa = PBXGroup;
			children = (
				560F79B52403C83B00FC008E /* Assets.xcassets */,
			);
			path = Resources;
			sourceTree = "<group>";
		};
		56A581C9240602B3000D1FA6 /* Data */ = {
			isa = PBXGroup;
			children = (
				56A581CC24060327000D1FA6 /* Model */,
				56A581CD2406033F000D1FA6 /* Source */,
			);
			path = Data;
			sourceTree = "<group>";
		};
		56A581CA240602DE000D1FA6 /* Utils */ = {
			isa = PBXGroup;
			children = (
				56A581D4240604DA000D1FA6 /* URLs.swift */,
				56A581D2240604C8000D1FA6 /* Constants.swift */,
				564836992406566000CA86D1 /* APIKey.swift */,
			);
			path = Utils;
			sourceTree = "<group>";
		};
		56A581CB24060305000D1FA6 /* Login */ = {
			isa = PBXGroup;
			children = (
				560F79B02403C83900FC008E /* LoginViewController.swift */,
			);
			path = Login;
			sourceTree = "<group>";
		};
		56A581CC24060327000D1FA6 /* Model */ = {
			isa = PBXGroup;
			children = (
				56A581D02406048F000D1FA6 /* BaseModel.swift */,
				56A581D724060B57000D1FA6 /* Album.swift */,
				56A581D924060C60000D1FA6 /* Artist.swift */,
				56A581E524061598000D1FA6 /* Playlist.swift */,
				56A581E124060E63000D1FA6 /* Track.swift */,
				56A581EB24063A55000D1FA6 /* Follower.swift */,
				56A581DF24060DF0000D1FA6 /* Image.swift */,
				56A581DD24060DCC000D1FA6 /* ExternalUrl.swift */,
				56A581DB24060D20000D1FA6 /* ExternalId.swift */,
				56A581ED24063DDD000D1FA6 /* User.swift */,
			);
			path = Model;
			sourceTree = "<group>";
		};
		56A581CD2406033F000D1FA6 /* Source */ = {
			isa = PBXGroup;
			children = (
				56A581CE24060388000D1FA6 /* Service */,
				56A581E3240611BC000D1FA6 /* API */,
			);
			path = Source;
			sourceTree = "<group>";
		};
		56A581CE24060388000D1FA6 /* Service */ = {
			isa = PBXGroup;
			children = (
				5661A5E224055D12008741CF /* SpotifyService.swift */,
			);
			path = Service;
			sourceTree = "<group>";
		};
		56A581CF240603E3000D1FA6 /* Extensions */ = {
			isa = PBXGroup;
			children = (
			);
			path = Extensions;
			sourceTree = "<group>";
		};
		56A581D6240608A8000D1FA6 /* Repositories */ = {
			isa = PBXGroup;
			children = (
			);
			path = Repositories;
			sourceTree = "<group>";
		};
		56A581E3240611BC000D1FA6 /* API */ = {
			isa = PBXGroup;
			children = (
				56A581E4240611C0000D1FA6 /* Error */,
			);
			path = API;
			sourceTree = "<group>";
		};
		56A581E4240611C0000D1FA6 /* Error */ = {
			isa = PBXGroup;
			children = (
			);
			path = Error;
			sourceTree = "<group>";
		};
/* End PBXGroup section */

/* Begin PBXNativeTarget section */
		560F79A82403C83900FC008E /* Soundify */ = {
			isa = PBXNativeTarget;
			buildConfigurationList = 560F79BD2403C83B00FC008E /* Build configuration list for PBXNativeTarget "Soundify" */;
			buildPhases = (
				560F79A52403C83900FC008E /* Sources */,
				560F79A62403C83900FC008E /* Frameworks */,
				560F79A72403C83900FC008E /* Resources */,
			);
			buildRules = (
			);
			dependencies = (
			);
			name = Soundify;
			productName = Soundify;
			productReference = 560F79A92403C83900FC008E /* Soundify.app */;
			productType = "com.apple.product-type.application";
		};
/* End PBXNativeTarget section */

/* Begin PBXProject section */
		560F79A12403C83900FC008E /* Project object */ = {
			isa = PBXProject;
			attributes = {
				LastSwiftUpdateCheck = 1130;
				LastUpgradeCheck = 1130;
				ORGANIZATIONNAME = VietAnh;
				TargetAttributes = {
					560F79A82403C83900FC008E = {
						CreatedOnToolsVersion = 11.3.1;
					};
				};
			};
			buildConfigurationList = 560F79A42403C83900FC008E /* Build configuration list for PBXProject "Soundify" */;
			compatibilityVersion = "Xcode 9.3";
			developmentRegion = en;
			hasScannedForEncodings = 0;
			knownRegions = (
				en,
				Base,
			);
			mainGroup = 560F79A02403C83900FC008E;
			productRefGroup = 560F79AA2403C83900FC008E /* Products */;
			projectDirPath = "";
			projectRoot = "";
			targets = (
				560F79A82403C83900FC008E /* Soundify */,
			);
		};
/* End PBXProject section */

/* Begin PBXResourcesBuildPhase section */
		560F79A72403C83900FC008E /* Resources */ = {
			isa = PBXResourcesBuildPhase;
			buildActionMask = 2147483647;
			files = (
				560F79B92403C83B00FC008E /* LaunchScreen.storyboard in Resources */,
				560F79B62403C83B00FC008E /* Assets.xcassets in Resources */,
				560F79B42403C83900FC008E /* Main.storyboard in Resources */,
			);
			runOnlyForDeploymentPostprocessing = 0;
		};
/* End PBXResourcesBuildPhase section */

/* Begin PBXSourcesBuildPhase section */
		560F79A52403C83900FC008E /* Sources */ = {
			isa = PBXSourcesBuildPhase;
			buildActionMask = 2147483647;
			files = (
				56A581D12406048F000D1FA6 /* BaseModel.swift in Sources */,
				560F79B12403C83900FC008E /* LoginViewController.swift in Sources */,
				56A581DE24060DCC000D1FA6 /* ExternalUrl.swift in Sources */,
				56A581EC24063A55000D1FA6 /* Follower.swift in Sources */,
				5661A5E524056F9E008741CF /* LoginWebView.swift in Sources */,
				56A581D5240604DA000D1FA6 /* URLs.swift in Sources */,
				560F79AD2403C83900FC008E /* AppDelegate.swift in Sources */,
				56A581EE24063DDD000D1FA6 /* User.swift in Sources */,
				56A581E024060DF0000D1FA6 /* Image.swift in Sources */,
				56A581D824060B57000D1FA6 /* Album.swift in Sources */,
				56A581D3240604C8000D1FA6 /* Constants.swift in Sources */,
				5661A5E324055D12008741CF /* SpotifyService.swift in Sources */,
				56A581DA24060C60000D1FA6 /* Artist.swift in Sources */,
				56A581DC24060D20000D1FA6 /* ExternalId.swift in Sources */,
				560F79AF2403C83900FC008E /* SceneDelegate.swift in Sources */,
				56A581E224060E63000D1FA6 /* Track.swift in Sources */,
				5648369A2406566000CA86D1 /* APIKey.swift in Sources */,
				56A581E624061598000D1FA6 /* Playlist.swift in Sources */,
			);
			runOnlyForDeploymentPostprocessing = 0;
		};
/* End PBXSourcesBuildPhase section */

/* Begin PBXVariantGroup section */
		560F79B22403C83900FC008E /* Main.storyboard */ = {
			isa = PBXVariantGroup;
			children = (
				560F79B32403C83900FC008E /* Base */,
			);
			name = Main.storyboard;
			sourceTree = "<group>";
		};
		560F79B72403C83B00FC008E /* LaunchScreen.storyboard */ = {
			isa = PBXVariantGroup;
			children = (
				560F79B82403C83B00FC008E /* Base */,
			);
			name = LaunchScreen.storyboard;
			sourceTree = "<group>";
		};
/* End PBXVariantGroup section */

/* Begin XCBuildConfiguration section */
		560F79BB2403C83B00FC008E /* Debug */ = {
			isa = XCBuildConfiguration;
			buildSettings = {
				ALWAYS_SEARCH_USER_PATHS = NO;
				CLANG_ANALYZER_NONNULL = YES;
				CLANG_ANALYZER_NUMBER_OBJECT_CONVERSION = YES_AGGRESSIVE;
				CLANG_CXX_LANGUAGE_STANDARD = "gnu++14";
				CLANG_CXX_LIBRARY = "libc++";
				CLANG_ENABLE_MODULES = YES;
				CLANG_ENABLE_OBJC_ARC = YES;
				CLANG_ENABLE_OBJC_WEAK = YES;
				CLANG_WARN_BLOCK_CAPTURE_AUTORELEASING = YES;
				CLANG_WARN_BOOL_CONVERSION = YES;
				CLANG_WARN_COMMA = YES;
				CLANG_WARN_CONSTANT_CONVERSION = YES;
				CLANG_WARN_DEPRECATED_OBJC_IMPLEMENTATIONS = YES;
				CLANG_WARN_DIRECT_OBJC_ISA_USAGE = YES_ERROR;
				CLANG_WARN_DOCUMENTATION_COMMENTS = YES;
				CLANG_WARN_EMPTY_BODY = YES;
				CLANG_WARN_ENUM_CONVERSION = YES;
				CLANG_WARN_INFINITE_RECURSION = YES;
				CLANG_WARN_INT_CONVERSION = YES;
				CLANG_WARN_NON_LITERAL_NULL_CONVERSION = YES;
				CLANG_WARN_OBJC_IMPLICIT_RETAIN_SELF = YES;
				CLANG_WARN_OBJC_LITERAL_CONVERSION = YES;
				CLANG_WARN_OBJC_ROOT_CLASS = YES_ERROR;
				CLANG_WARN_RANGE_LOOP_ANALYSIS = YES;
				CLANG_WARN_STRICT_PROTOTYPES = YES;
				CLANG_WARN_SUSPICIOUS_MOVE = YES;
				CLANG_WARN_UNGUARDED_AVAILABILITY = YES_AGGRESSIVE;
				CLANG_WARN_UNREACHABLE_CODE = YES;
				CLANG_WARN__DUPLICATE_METHOD_MATCH = YES;
				COPY_PHASE_STRIP = NO;
				DEBUG_INFORMATION_FORMAT = dwarf;
				ENABLE_STRICT_OBJC_MSGSEND = YES;
				ENABLE_TESTABILITY = YES;
				GCC_C_LANGUAGE_STANDARD = gnu11;
				GCC_DYNAMIC_NO_PIC = NO;
				GCC_NO_COMMON_BLOCKS = YES;
				GCC_OPTIMIZATION_LEVEL = 0;
				GCC_PREPROCESSOR_DEFINITIONS = (
					"DEBUG=1",
					"$(inherited)",
				);
				GCC_WARN_64_TO_32_BIT_CONVERSION = YES;
				GCC_WARN_ABOUT_RETURN_TYPE = YES_ERROR;
				GCC_WARN_UNDECLARED_SELECTOR = YES;
				GCC_WARN_UNINITIALIZED_AUTOS = YES_AGGRESSIVE;
				GCC_WARN_UNUSED_FUNCTION = YES;
				GCC_WARN_UNUSED_VARIABLE = YES;
				IPHONEOS_DEPLOYMENT_TARGET = 13.2;
				MTL_ENABLE_DEBUG_INFO = INCLUDE_SOURCE;
				MTL_FAST_MATH = YES;
				ONLY_ACTIVE_ARCH = YES;
				SDKROOT = iphoneos;
				SWIFT_ACTIVE_COMPILATION_CONDITIONS = DEBUG;
				SWIFT_OPTIMIZATION_LEVEL = "-Onone";
			};
			name = Debug;
		};
		560F79BC2403C83B00FC008E /* Release */ = {
			isa = XCBuildConfiguration;
			buildSettings = {
				ALWAYS_SEARCH_USER_PATHS = NO;
				CLANG_ANALYZER_NONNULL = YES;
				CLANG_ANALYZER_NUMBER_OBJECT_CONVERSION = YES_AGGRESSIVE;
				CLANG_CXX_LANGUAGE_STANDARD = "gnu++14";
				CLANG_CXX_LIBRARY = "libc++";
				CLANG_ENABLE_MODULES = YES;
				CLANG_ENABLE_OBJC_ARC = YES;
				CLANG_ENABLE_OBJC_WEAK = YES;
				CLANG_WARN_BLOCK_CAPTURE_AUTORELEASING = YES;
				CLANG_WARN_BOOL_CONVERSION = YES;
				CLANG_WARN_COMMA = YES;
				CLANG_WARN_CONSTANT_CONVERSION = YES;
				CLANG_WARN_DEPRECATED_OBJC_IMPLEMENTATIONS = YES;
				CLANG_WARN_DIRECT_OBJC_ISA_USAGE = YES_ERROR;
				CLANG_WARN_DOCUMENTATION_COMMENTS = YES;
				CLANG_WARN_EMPTY_BODY = YES;
				CLANG_WARN_ENUM_CONVERSION = YES;
				CLANG_WARN_INFINITE_RECURSION = YES;
				CLANG_WARN_INT_CONVERSION = YES;
				CLANG_WARN_NON_LITERAL_NULL_CONVERSION = YES;
				CLANG_WARN_OBJC_IMPLICIT_RETAIN_SELF = YES;
				CLANG_WARN_OBJC_LITERAL_CONVERSION = YES;
				CLANG_WARN_OBJC_ROOT_CLASS = YES_ERROR;
				CLANG_WARN_RANGE_LOOP_ANALYSIS = YES;
				CLANG_WARN_STRICT_PROTOTYPES = YES;
				CLANG_WARN_SUSPICIOUS_MOVE = YES;
				CLANG_WARN_UNGUARDED_AVAILABILITY = YES_AGGRESSIVE;
				CLANG_WARN_UNREACHABLE_CODE = YES;
				CLANG_WARN__DUPLICATE_METHOD_MATCH = YES;
				COPY_PHASE_STRIP = NO;
				DEBUG_INFORMATION_FORMAT = "dwarf-with-dsym";
				ENABLE_NS_ASSERTIONS = NO;
				ENABLE_STRICT_OBJC_MSGSEND = YES;
				GCC_C_LANGUAGE_STANDARD = gnu11;
				GCC_NO_COMMON_BLOCKS = YES;
				GCC_WARN_64_TO_32_BIT_CONVERSION = YES;
				GCC_WARN_ABOUT_RETURN_TYPE = YES_ERROR;
				GCC_WARN_UNDECLARED_SELECTOR = YES;
				GCC_WARN_UNINITIALIZED_AUTOS = YES_AGGRESSIVE;
				GCC_WARN_UNUSED_FUNCTION = YES;
				GCC_WARN_UNUSED_VARIABLE = YES;
				IPHONEOS_DEPLOYMENT_TARGET = 13.2;
				MTL_ENABLE_DEBUG_INFO = NO;
				MTL_FAST_MATH = YES;
				SDKROOT = iphoneos;
				SWIFT_COMPILATION_MODE = wholemodule;
				SWIFT_OPTIMIZATION_LEVEL = "-O";
				VALIDATE_PRODUCT = YES;
			};
			name = Release;
		};
		560F79BE2403C83B00FC008E /* Debug */ = {
			isa = XCBuildConfiguration;
			buildSettings = {
				ASSETCATALOG_COMPILER_APPICON_NAME = AppIcon;
				CODE_SIGN_STYLE = Automatic;
				DEVELOPMENT_TEAM = Q6C5SPDBTU;
				INFOPLIST_FILE = Soundify/Info.plist;
				LD_RUNPATH_SEARCH_PATHS = (
					"$(inherited)",
					"@executable_path/Frameworks",
				);
				PRODUCT_BUNDLE_IDENTIFIER = com.example.Soundify;
				PRODUCT_NAME = "$(TARGET_NAME)";
				SWIFT_VERSION = 5.0;
				TARGETED_DEVICE_FAMILY = "1,2";
			};
			name = Debug;
		};
		560F79BF2403C83B00FC008E /* Release */ = {
			isa = XCBuildConfiguration;
			buildSettings = {
				ASSETCATALOG_COMPILER_APPICON_NAME = AppIcon;
				CODE_SIGN_STYLE = Automatic;
				DEVELOPMENT_TEAM = Q6C5SPDBTU;
				INFOPLIST_FILE = Soundify/Info.plist;
				LD_RUNPATH_SEARCH_PATHS = (
					"$(inherited)",
					"@executable_path/Frameworks",
				);
				PRODUCT_BUNDLE_IDENTIFIER = com.example.Soundify;
				PRODUCT_NAME = "$(TARGET_NAME)";
				SWIFT_VERSION = 5.0;
				TARGETED_DEVICE_FAMILY = "1,2";
			};
			name = Release;
		};
/* End XCBuildConfiguration section */

/* Begin XCConfigurationList section */
		560F79A42403C83900FC008E /* Build configuration list for PBXProject "Soundify" */ = {
			isa = XCConfigurationList;
			buildConfigurations = (
				560F79BB2403C83B00FC008E /* Debug */,
				560F79BC2403C83B00FC008E /* Release */,
			);
			defaultConfigurationIsVisible = 0;
			defaultConfigurationName = Release;
		};
		560F79BD2403C83B00FC008E /* Build configuration list for PBXNativeTarget "Soundify" */ = {
			isa = XCConfigurationList;
			buildConfigurations = (
				560F79BE2403C83B00FC008E /* Debug */,
				560F79BF2403C83B00FC008E /* Release */,
			);
			defaultConfigurationIsVisible = 0;
			defaultConfigurationName = Release;
		};
/* End XCConfigurationList section */
	};
	rootObject = 560F79A12403C83900FC008E /* Project object */;
}
